
Microsoft Visual Studio Solution File, Format Version 12.00
# Visual Studio 14
VisualStudioVersion = 14.0.25420.1
MinimumVisualStudioVersion = 10.0.40219.1
Project("{FAE04EC0-301F-11D3-BF4B-00C04F79EFBC}") = "ASUTP.Control", "ASUTP.Control\ASUTP.Control.csproj", "{F0FB03C7-1913-4F80-8D08-DBFC5AB1C65C}"
EndProject
Project("{FAE04EC0-301F-11D3-BF4B-00C04F79EFBC}") = "ASUTP.Forms", "ASUTP.Forms\ASUTP.Forms.csproj", "{C80D3057-23DE-4034-9DFB-4E1E71BF81C5}"
EndProject
Project("{FAE04EC0-301F-11D3-BF4B-00C04F79EFBC}") = "ASUTP.Helper", "ASUTP.Helper\ASUTP.Helper.csproj", "{51ACDB2B-A241-4321-8CDA-20EE57FA179D}"
EndProject
Project("{FAE04EC0-301F-11D3-BF4B-00C04F79EFBC}") = "ASUTP.Logging", "ASUTP.Logging\ASUTP.Logging.csproj", "{A686B761-CDB6-457F-BE0E-11CD14B5490C}"
EndProject
Project("{FAE04EC0-301F-11D3-BF4B-00C04F79EFBC}") = "ASUTP.MSExcel", "ASUTP.MSExcel\ASUTP.MSExcel.csproj", "{B18788D7-F141-4F25-ADBA-6B13FD3D5ABC}"
EndProject
Project("{FAE04EC0-301F-11D3-BF4B-00C04F79EFBC}") = "ASUTP.Network", "ASUTP.Network\ASUTP.Network.csproj", "{1B2D594A-FF9E-462E-99AA-BCC5BAF20EF2}"
EndProject
Project("{FAE04EC0-301F-11D3-BF4B-00C04F79EFBC}") = "ASUTP.PlugIn", "ASUTP.PlugIn\ASUTP.PlugIn.csproj", "{DFDE592F-E18C-4871-A888-54C906AE61FB}"
EndProject
Project("{FAE04EC0-301F-11D3-BF4B-00C04F79EFBC}") = "ASUTP.Core", "ASUTP.Core\ASUTP.Core.csproj", "{FCE97844-5285-4C26-BC9C-0A66B81F52A0}"
EndProject
Project("{FAE04EC0-301F-11D3-BF4B-00C04F79EFBC}") = "ASUTP.Database", "ASUTP.Database\ASUTP.Database.csproj", "{358980AC-98E5-4491-A27D-43CF384634E9}"
EndProject
Global
	GlobalSection(SolutionConfigurationPlatforms) = preSolution
		Debug|Any CPU = Debug|Any CPU
		Debug|x64 = Debug|x64
		Debug|x86 = Debug|x86
		Release|Any CPU = Release|Any CPU
		Release|x64 = Release|x64
		Release|x86 = Release|x86
	EndGlobalSection
	GlobalSection(ProjectConfigurationPlatforms) = postSolution
		{F0FB03C7-1913-4F80-8D08-DBFC5AB1C65C}.Debug|Any CPU.ActiveCfg = Debug|Any CPU
		{F0FB03C7-1913-4F80-8D08-DBFC5AB1C65C}.Debug|Any CPU.Build.0 = Debug|Any CPU
		{F0FB03C7-1913-4F80-8D08-DBFC5AB1C65C}.Debug|x64.ActiveCfg = Debug|Any CPU
		{F0FB03C7-1913-4F80-8D08-DBFC5AB1C65C}.Debug|x64.Build.0 = Debug|Any CPU
		{F0FB03C7-1913-4F80-8D08-DBFC5AB1C65C}.Debug|x86.ActiveCfg = Debug|Any CPU
		{F0FB03C7-1913-4F80-8D08-DBFC5AB1C65C}.Debug|x86.Build.0 = Debug|Any CPU
		{F0FB03C7-1913-4F80-8D08-DBFC5AB1C65C}.Release|Any CPU.ActiveCfg = Release|Any CPU
		{F0FB03C7-1913-4F80-8D08-DBFC5AB1C65C}.Release|Any CPU.Build.0 = Release|Any CPU
		{F0FB03C7-1913-4F80-8D08-DBFC5AB1C65C}.Release|x64.ActiveCfg = Release|Any CPU
		{F0FB03C7-1913-4F80-8D08-DBFC5AB1C65C}.Release|x64.Build.0 = Release|Any CPU
		{F0FB03C7-1913-4F80-8D08-DBFC5AB1C65C}.Release|x86.ActiveCfg = Release|Any CPU
		{F0FB03C7-1913-4F80-8D08-DBFC5AB1C65C}.Release|x86.Build.0 = Release|Any CPU
		{C80D3057-23DE-4034-9DFB-4E1E71BF81C5}.Debug|Any CPU.ActiveCfg = Debug|Any CPU
		{C80D3057-23DE-4034-9DFB-4E1E71BF81C5}.Debug|Any CPU.Build.0 = Debug|Any CPU
		{C80D3057-23DE-4034-9DFB-4E1E71BF81C5}.Debug|x64.ActiveCfg = Debug|Any CPU
		{C80D3057-23DE-4034-9DFB-4E1E71BF81C5}.Debug|x64.Build.0 = Debug|Any CPU
		{C80D3057-23DE-4034-9DFB-4E1E71BF81C5}.Debug|x86.ActiveCfg = Debug|Any CPU
		{C80D3057-23DE-4034-9DFB-4E1E71BF81C5}.Debug|x86.Build.0 = Debug|Any CPU
		{C80D3057-23DE-4034-9DFB-4E1E71BF81C5}.Release|Any CPU.ActiveCfg = Release|Any CPU
		{C80D3057-23DE-4034-9DFB-4E1E71BF81C5}.Release|Any CPU.Build.0 = Release|Any CPU
		{C80D3057-23DE-4034-9DFB-4E1E71BF81C5}.Release|x64.ActiveCfg = Release|Any CPU
		{C80D3057-23DE-4034-9DFB-4E1E71BF81C5}.Release|x64.Build.0 = Release|Any CPU
		{C80D3057-23DE-4034-9DFB-4E1E71BF81C5}.Release|x86.ActiveCfg = Release|Any CPU
		{C80D3057-23DE-4034-9DFB-4E1E71BF81C5}.Release|x86.Build.0 = Release|Any CPU
		{51ACDB2B-A241-4321-8CDA-20EE57FA179D}.Debug|Any CPU.ActiveCfg = Debug|Any CPU
		{51ACDB2B-A241-4321-8CDA-20EE57FA179D}.Debug|Any CPU.Build.0 = Debug|Any CPU
		{51ACDB2B-A241-4321-8CDA-20EE57FA179D}.Debug|x64.ActiveCfg = Debug|Any CPU
		{51ACDB2B-A241-4321-8CDA-20EE57FA179D}.Debug|x64.Build.0 = Debug|Any CPU
		{51ACDB2B-A241-4321-8CDA-20EE57FA179D}.Debug|x86.ActiveCfg = Debug|Any CPU
		{51ACDB2B-A241-4321-8CDA-20EE57FA179D}.Debug|x86.Build.0 = Debug|Any CPU
		{51ACDB2B-A241-4321-8CDA-20EE57FA179D}.Release|Any CPU.ActiveCfg = Release|Any CPU
		{51ACDB2B-A241-4321-8CDA-20EE57FA179D}.Release|Any CPU.Build.0 = Release|Any CPU
		{51ACDB2B-A241-4321-8CDA-20EE57FA179D}.Release|x64.ActiveCfg = Release|Any CPU
		{51ACDB2B-A241-4321-8CDA-20EE57FA179D}.Release|x64.Build.0 = Release|Any CPU
		{51ACDB2B-A241-4321-8CDA-20EE57FA179D}.Release|x86.ActiveCfg = Release|Any CPU
		{51ACDB2B-A241-4321-8CDA-20EE57FA179D}.Release|x86.Build.0 = Release|Any CPU
		{A686B761-CDB6-457F-BE0E-11CD14B5490C}.Debug|Any CPU.ActiveCfg = Debug|Any CPU
		{A686B761-CDB6-457F-BE0E-11CD14B5490C}.Debug|Any CPU.Build.0 = Debug|Any CPU
		{A686B761-CDB6-457F-BE0E-11CD14B5490C}.Debug|x64.ActiveCfg = Debug|Any CPU
		{A686B761-CDB6-457F-BE0E-11CD14B5490C}.Debug|x64.Build.0 = Debug|Any CPU
		{A686B761-CDB6-457F-BE0E-11CD14B5490C}.Debug|x86.ActiveCfg = Debug|Any CPU
		{A686B761-CDB6-457F-BE0E-11CD14B5490C}.Debug|x86.Build.0 = Debug|Any CPU
		{A686B761-CDB6-457F-BE0E-11CD14B5490C}.Release|Any CPU.ActiveCfg = Release|Any CPU
		{A686B761-CDB6-457F-BE0E-11CD14B5490C}.Release|Any CPU.Build.0 = Release|Any CPU
		{A686B761-CDB6-457F-BE0E-11CD14B5490C}.Release|x64.ActiveCfg = Release|Any CPU
		{A686B761-CDB6-457F-BE0E-11CD14B5490C}.Release|x64.Build.0 = Release|Any CPU
		{A686B761-CDB6-457F-BE0E-11CD14B5490C}.Release|x86.ActiveCfg = Release|Any CPU
		{A686B761-CDB6-457F-BE0E-11CD14B5490C}.Release|x86.Build.0 = Release|Any CPU
		{B18788D7-F141-4F25-ADBA-6B13FD3D5ABC}.Debug|Any CPU.ActiveCfg = Debug|Any CPU
		{B18788D7-F141-4F25-ADBA-6B13FD3D5ABC}.Debug|Any CPU.Build.0 = Debug|Any CPU
		{B18788D7-F141-4F25-ADBA-6B13FD3D5ABC}.Debug|x64.ActiveCfg = Debug|Any CPU
		{B18788D7-F141-4F25-ADBA-6B13FD3D5ABC}.Debug|x64.Build.0 = Debug|Any CPU
		{B18788D7-F141-4F25-ADBA-6B13FD3D5ABC}.Debug|x86.ActiveCfg = Debug|Any CPU
		{B18788D7-F141-4F25-ADBA-6B13FD3D5ABC}.Debug|x86.Build.0 = Debug|Any CPU
		{B18788D7-F141-4F25-ADBA-6B13FD3D5ABC}.Release|Any CPU.ActiveCfg = Release|Any CPU
		{B18788D7-F141-4F25-ADBA-6B13FD3D5ABC}.Release|Any CPU.Build.0 = Release|Any CPU
		{B18788D7-F141-4F25-ADBA-6B13FD3D5ABC}.Release|x64.ActiveCfg = Release|Any CPU
		{B18788D7-F141-4F25-ADBA-6B13FD3D5ABC}.Release|x64.Build.0 = Release|Any CPU
		{B18788D7-F141-4F25-ADBA-6B13FD3D5ABC}.Release|x86.ActiveCfg = Release|Any CPU
		{B18788D7-F141-4F25-ADBA-6B13FD3D5ABC}.Release|x86.Build.0 = Release|Any CPU
		{1B2D594A-FF9E-462E-99AA-BCC5BAF20EF2}.Debug|Any CPU.ActiveCfg = Debug|Any CPU
		{1B2D594A-FF9E-462E-99AA-BCC5BAF20EF2}.Debug|Any CPU.Build.0 = Debug|Any CPU
		{1B2D594A-FF9E-462E-99AA-BCC5BAF20EF2}.Debug|x64.ActiveCfg = Debug|Any CPU
		{1B2D594A-FF9E-462E-99AA-BCC5BAF20EF2}.Debug|x64.Build.0 = Debug|Any CPU
		{1B2D594A-FF9E-462E-99AA-BCC5BAF20EF2}.Debug|x86.ActiveCfg = Debug|Any CPU
		{1B2D594A-FF9E-462E-99AA-BCC5BAF20EF2}.Debug|x86.Build.0 = Debug|Any CPU
		{1B2D594A-FF9E-462E-99AA-BCC5BAF20EF2}.Release|Any CPU.ActiveCfg = Release|Any CPU
		{1B2D594A-FF9E-462E-99AA-BCC5BAF20EF2}.Release|Any CPU.Build.0 = Release|Any CPU
		{1B2D594A-FF9E-462E-99AA-BCC5BAF20EF2}.Release|x64.ActiveCfg = Release|Any CPU
		{1B2D594A-FF9E-462E-99AA-BCC5BAF20EF2}.Release|x64.Build.0 = Release|Any CPU
		{1B2D594A-FF9E-462E-99AA-BCC5BAF20EF2}.Release|x86.ActiveCfg = Release|Any CPU
		{1B2D594A-FF9E-462E-99AA-BCC5BAF20EF2}.Release|x86.Build.0 = Release|Any CPU
		{DFDE592F-E18C-4871-A888-54C906AE61FB}.Debug|Any CPU.ActiveCfg = Debug|Any CPU
		{DFDE592F-E18C-4871-A888-54C906AE61FB}.Debug|Any CPU.Build.0 = Debug|Any CPU
		{DFDE592F-E18C-4871-A888-54C906AE61FB}.Debug|x64.ActiveCfg = Debug|Any CPU
		{DFDE592F-E18C-4871-A888-54C906AE61FB}.Debug|x64.Build.0 = Debug|Any CPU
		{DFDE592F-E18C-4871-A888-54C906AE61FB}.Debug|x86.ActiveCfg = Debug|Any CPU
		{DFDE592F-E18C-4871-A888-54C906AE61FB}.Debug|x86.Build.0 = Debug|Any CPU
		{DFDE592F-E18C-4871-A888-54C906AE61FB}.Release|Any CPU.ActiveCfg = Release|Any CPU
		{DFDE592F-E18C-4871-A888-54C906AE61FB}.Release|Any CPU.Build.0 = Release|Any CPU
		{DFDE592F-E18C-4871-A888-54C906AE61FB}.Release|x64.ActiveCfg = Release|Any CPU
		{DFDE592F-E18C-4871-A888-54C906AE61FB}.Release|x64.Build.0 = Release|Any CPU
		{DFDE592F-E18C-4871-A888-54C906AE61FB}.Release|x86.ActiveCfg = Release|Any CPU
		{DFDE592F-E18C-4871-A888-54C906AE61FB}.Release|x86.Build.0 = Release|Any CPU
		{FCE97844-5285-4C26-BC9C-0A66B81F52A0}.Debug|Any CPU.ActiveCfg = Debug|Any CPU
		{FCE97844-5285-4C26-BC9C-0A66B81F52A0}.Debug|Any CPU.Build.0 = Debug|Any CPU
		{FCE97844-5285-4C26-BC9C-0A66B81F52A0}.Debug|x64.ActiveCfg = Debug|Any CPU
		{FCE97844-5285-4C26-BC9C-0A66B81F52A0}.Debug|x64.Build.0 = Debug|Any CPU
		{FCE97844-5285-4C26-BC9C-0A66B81F52A0}.Debug|x86.ActiveCfg = Debug|Any CPU
		{FCE97844-5285-4C26-BC9C-0A66B81F52A0}.Debug|x86.Build.0 = Debug|Any CPU
		{FCE97844-5285-4C26-BC9C-0A66B81F52A0}.Release|Any CPU.ActiveCfg = Release|Any CPU
		{FCE97844-5285-4C26-BC9C-0A66B81F52A0}.Release|Any CPU.Build.0 = Release|Any CPU
		{FCE97844-5285-4C26-BC9C-0A66B81F52A0}.Release|x64.ActiveCfg = Release|Any CPU
		{FCE97844-5285-4C26-BC9C-0A66B81F52A0}.Release|x64.Build.0 = Release|Any CPU
		{FCE97844-5285-4C26-BC9C-0A66B81F52A0}.Release|x86.ActiveCfg = Release|Any CPU
		{FCE97844-5285-4C26-BC9C-0A66B81F52A0}.Release|x86.Build.0 = Release|Any CPU
		{358980AC-98E5-4491-A27D-43CF384634E9}.Debug|Any CPU.ActiveCfg = Debug|Any CPU
		{358980AC-98E5-4491-A27D-43CF384634E9}.Debug|Any CPU.Build.0 = Debug|Any CPU
		{358980AC-98E5-4491-A27D-43CF384634E9}.Debug|x64.ActiveCfg = Debug|Any CPU
		{358980AC-98E5-4491-A27D-43CF384634E9}.Debug|x64.Build.0 = Debug|Any CPU
		{358980AC-98E5-4491-A27D-43CF384634E9}.Debug|x86.ActiveCfg = Debug|Any CPU
		{358980AC-98E5-4491-A27D-43CF384634E9}.Debug|x86.Build.0 = Debug|Any CPU
		{358980AC-98E5-4491-A27D-43CF384634E9}.Release|Any CPU.ActiveCfg = Release|Any CPU
		{358980AC-98E5-4491-A27D-43CF384634E9}.Release|Any CPU.Build.0 = Release|Any CPU
		{358980AC-98E5-4491-A27D-43CF384634E9}.Release|x64.ActiveCfg = Release|Any CPU
		{358980AC-98E5-4491-A27D-43CF384634E9}.Release|x64.Build.0 = Release|Any CPU
		{358980AC-98E5-4491-A27D-43CF384634E9}.Release|x86.ActiveCfg = Release|Any CPU
		{358980AC-98E5-4491-A27D-43CF384634E9}.Release|x86.Build.0 = Release|Any CPU
	EndGlobalSection
	GlobalSection(SolutionProperties) = preSolution
		HideSolutionNode = FALSE
	EndGlobalSection
EndGlobal
